
Microsoft Visual Studio Solution File, Format Version 12.00
# Visual Studio Version 17
VisualStudioVersion = 17.3.32819.101
MinimumVisualStudioVersion = 10.0.40219.1
Project("{2150E333-8FDC-42A3-9474-1A3956D46DE8}") = "Front-End", "Front-End", "{98E6B4C0-D0B7-4593-BD8B-16351716B9AB}"
EndProject
Project("{2150E333-8FDC-42A3-9474-1A3956D46DE8}") = "Back-End", "Back-End", "{9A8414E5-FB89-4898-9EC1-3FA3FF90BF62}"
EndProject
Project("{2150E333-8FDC-42A3-9474-1A3956D46DE8}") = "Api", "Api", "{921BE15E-115B-4042-8624-7CC0B066A0F3}"
EndProject
Project("{2150E333-8FDC-42A3-9474-1A3956D46DE8}") = "Domain", "Domain", "{85C473CB-220B-4285-9AD7-7D72F1DBBCAE}"
EndProject
Project("{9A19103F-16F7-4668-BE54-9A1E7A4F7556}") = "Domain.Core", "ApplicationSolution\Back-End\Domain\Domain.Core\Domain.Core.csproj", "{6A96C6E4-5419-4741-B2C9-444B69166CD5}"
EndProject
Project("{9A19103F-16F7-4668-BE54-9A1E7A4F7556}") = "Domain.DomainServices", "ApplicationSolution\Back-End\Domain\Domain.DomainServices\Domain.DomainServices.csproj", "{85E455B1-E814-4F93-A16F-796C5ABB42DD}"
EndProject
Project("{9A19103F-16F7-4668-BE54-9A1E7A4F7556}") = "Domain.InfrastructureInterfaces", "ApplicationSolution\Back-End\Domain\Domain.InfrastructureInterfaces\Domain.InfrastructureInterfaces.csproj", "{62AA73C9-C9C7-4754-9CFE-FB291134481B}"
EndProject
Project("{9A19103F-16F7-4668-BE54-9A1E7A4F7556}") = "Domain.ApplicationServices", "ApplicationSolution\Back-End\Domain\Domain.ApplicationServices\Domain.ApplicationServices.csproj", "{1A958A91-B69E-4311-B5E9-BECF3E7C764C}"
EndProject
Project("{2150E333-8FDC-42A3-9474-1A3956D46DE8}") = "Infrastructure", "Infrastructure", "{5D4BCB01-574B-44F2-BFE4-4DB597D4AA84}"
EndProject
Project("{9A19103F-16F7-4668-BE54-9A1E7A4F7556}") = "Infrastructure.Database.SqlServer", "ApplicationSolution\Back-End\Infrastructure\Infrastructure.Database.SqlServer\Infrastructure.Database.SqlServer.csproj", "{C5E8AFE5-F095-4F75-ADC1-F52DF501AA2F}"
EndProject
Project("{9A19103F-16F7-4668-BE54-9A1E7A4F7556}") = "Infrastructure.Database.Redis", "ApplicationSolution\Back-End\Infrastructure\Infrastructure.Database.Redis\Infrastructure.Database.Redis.csproj", "{33763FBD-C95B-4B63-B393-699A2AD565E4}"
EndProject
Project("{9A19103F-16F7-4668-BE54-9A1E7A4F7556}") = "Infrastructure.BackgroundServices.HangfireClient", "ApplicationSolution\Back-End\Infrastructure\Infrastructure.BackgroundServices.HangfireClient\Infrastructure.BackgroundServices.HangfireClient.csproj", "{0C6FA4A3-6F3B-4FE4-93B8-59D3E93A496F}"
EndProject
Project("{9A19103F-16F7-4668-BE54-9A1E7A4F7556}") = "Infrastructure.BackgroundServices.HangfireServer", "ApplicationSolution\Back-End\Infrastructure\Infrastructure.BackgroundServices.HangfireServer\Infrastructure.BackgroundServices.HangfireServer.csproj", "{C12A415B-3679-42D5-899C-E0001F477584}"
EndProject
Project("{9A19103F-16F7-4668-BE54-9A1E7A4F7556}") = "Api.Gateway", "ApplicationSolution\Back-End\Api\Api.Gateway\Api.Gateway.csproj", "{24A645C6-9807-483B-8DF3-706E4B60255A}"
EndProject
Global
	GlobalSection(SolutionConfigurationPlatforms) = preSolution
		Debug|Any CPU = Debug|Any CPU
		Release|Any CPU = Release|Any CPU
	EndGlobalSection
	GlobalSection(ProjectConfigurationPlatforms) = postSolution
		{6A96C6E4-5419-4741-B2C9-444B69166CD5}.Debug|Any CPU.ActiveCfg = Debug|Any CPU
		{6A96C6E4-5419-4741-B2C9-444B69166CD5}.Debug|Any CPU.Build.0 = Debug|Any CPU
		{6A96C6E4-5419-4741-B2C9-444B69166CD5}.Release|Any CPU.ActiveCfg = Release|Any CPU
		{6A96C6E4-5419-4741-B2C9-444B69166CD5}.Release|Any CPU.Build.0 = Release|Any CPU
		{85E455B1-E814-4F93-A16F-796C5ABB42DD}.Debug|Any CPU.ActiveCfg = Debug|Any CPU
		{85E455B1-E814-4F93-A16F-796C5ABB42DD}.Debug|Any CPU.Build.0 = Debug|Any CPU
		{85E455B1-E814-4F93-A16F-796C5ABB42DD}.Release|Any CPU.ActiveCfg = Release|Any CPU
		{85E455B1-E814-4F93-A16F-796C5ABB42DD}.Release|Any CPU.Build.0 = Release|Any CPU
		{62AA73C9-C9C7-4754-9CFE-FB291134481B}.Debug|Any CPU.ActiveCfg = Debug|Any CPU
		{62AA73C9-C9C7-4754-9CFE-FB291134481B}.Debug|Any CPU.Build.0 = Debug|Any CPU
		{62AA73C9-C9C7-4754-9CFE-FB291134481B}.Release|Any CPU.ActiveCfg = Release|Any CPU
		{62AA73C9-C9C7-4754-9CFE-FB291134481B}.Release|Any CPU.Build.0 = Release|Any CPU
		{1A958A91-B69E-4311-B5E9-BECF3E7C764C}.Debug|Any CPU.ActiveCfg = Debug|Any CPU
		{1A958A91-B69E-4311-B5E9-BECF3E7C764C}.Debug|Any CPU.Build.0 = Debug|Any CPU
		{1A958A91-B69E-4311-B5E9-BECF3E7C764C}.Release|Any CPU.ActiveCfg = Release|Any CPU
		{1A958A91-B69E-4311-B5E9-BECF3E7C764C}.Release|Any CPU.Build.0 = Release|Any CPU
		{C5E8AFE5-F095-4F75-ADC1-F52DF501AA2F}.Debug|Any CPU.ActiveCfg = Debug|Any CPU
		{C5E8AFE5-F095-4F75-ADC1-F52DF501AA2F}.Debug|Any CPU.Build.0 = Debug|Any CPU
		{C5E8AFE5-F095-4F75-ADC1-F52DF501AA2F}.Release|Any CPU.ActiveCfg = Release|Any CPU
		{C5E8AFE5-F095-4F75-ADC1-F52DF501AA2F}.Release|Any CPU.Build.0 = Release|Any CPU
		{33763FBD-C95B-4B63-B393-699A2AD565E4}.Debug|Any CPU.ActiveCfg = Debug|Any CPU
		{33763FBD-C95B-4B63-B393-699A2AD565E4}.Debug|Any CPU.Build.0 = Debug|Any CPU
		{33763FBD-C95B-4B63-B393-699A2AD565E4}.Release|Any CPU.ActiveCfg = Release|Any CPU
		{33763FBD-C95B-4B63-B393-699A2AD565E4}.Release|Any CPU.Build.0 = Release|Any CPU
		{0C6FA4A3-6F3B-4FE4-93B8-59D3E93A496F}.Debug|Any CPU.ActiveCfg = Debug|Any CPU
		{0C6FA4A3-6F3B-4FE4-93B8-59D3E93A496F}.Debug|Any CPU.Build.0 = Debug|Any CPU
		{0C6FA4A3-6F3B-4FE4-93B8-59D3E93A496F}.Release|Any CPU.ActiveCfg = Release|Any CPU
		{0C6FA4A3-6F3B-4FE4-93B8-59D3E93A496F}.Release|Any CPU.Build.0 = Release|Any CPU
		{C12A415B-3679-42D5-899C-E0001F477584}.Debug|Any CPU.ActiveCfg = Debug|Any CPU
		{C12A415B-3679-42D5-899C-E0001F477584}.Debug|Any CPU.Build.0 = Debug|Any CPU
		{C12A415B-3679-42D5-899C-E0001F477584}.Release|Any CPU.ActiveCfg = Release|Any CPU
		{C12A415B-3679-42D5-899C-E0001F477584}.Release|Any CPU.Build.0 = Release|Any CPU
		{24A645C6-9807-483B-8DF3-706E4B60255A}.Debug|Any CPU.ActiveCfg = Debug|Any CPU
		{24A645C6-9807-483B-8DF3-706E4B60255A}.Debug|Any CPU.Build.0 = Debug|Any CPU
		{24A645C6-9807-483B-8DF3-706E4B60255A}.Release|Any CPU.ActiveCfg = Release|Any CPU
		{24A645C6-9807-483B-8DF3-706E4B60255A}.Release|Any CPU.Build.0 = Release|Any CPU
	EndGlobalSection
	GlobalSection(SolutionProperties) = preSolution
		HideSolutionNode = FALSE
	EndGlobalSection
	GlobalSection(NestedProjects) = preSolution
		{921BE15E-115B-4042-8624-7CC0B066A0F3} = {9A8414E5-FB89-4898-9EC1-3FA3FF90BF62}
		{85C473CB-220B-4285-9AD7-7D72F1DBBCAE} = {9A8414E5-FB89-4898-9EC1-3FA3FF90BF62}
		{6A96C6E4-5419-4741-B2C9-444B69166CD5} = {85C473CB-220B-4285-9AD7-7D72F1DBBCAE}
		{85E455B1-E814-4F93-A16F-796C5ABB42DD} = {85C473CB-220B-4285-9AD7-7D72F1DBBCAE}
		{62AA73C9-C9C7-4754-9CFE-FB291134481B} = {85C473CB-220B-4285-9AD7-7D72F1DBBCAE}
		{1A958A91-B69E-4311-B5E9-BECF3E7C764C} = {85C473CB-220B-4285-9AD7-7D72F1DBBCAE}
		{5D4BCB01-574B-44F2-BFE4-4DB597D4AA84} = {9A8414E5-FB89-4898-9EC1-3FA3FF90BF62}
		{C5E8AFE5-F095-4F75-ADC1-F52DF501AA2F} = {5D4BCB01-574B-44F2-BFE4-4DB597D4AA84}
		{33763FBD-C95B-4B63-B393-699A2AD565E4} = {5D4BCB01-574B-44F2-BFE4-4DB597D4AA84}
		{0C6FA4A3-6F3B-4FE4-93B8-59D3E93A496F} = {5D4BCB01-574B-44F2-BFE4-4DB597D4AA84}
		{C12A415B-3679-42D5-899C-E0001F477584} = {5D4BCB01-574B-44F2-BFE4-4DB597D4AA84}
		{24A645C6-9807-483B-8DF3-706E4B60255A} = {921BE15E-115B-4042-8624-7CC0B066A0F3}
	EndGlobalSection
	GlobalSection(ExtensibilityGlobals) = postSolution
		SolutionGuid = {4B6D864D-2985-4824-9A03-8C2380DAAA57}
	EndGlobalSection
EndGlobal
