
Microsoft Visual Studio Solution File, Format Version 12.00
# Visual Studio Version 17
VisualStudioVersion = 17.6.33815.320
MinimumVisualStudioVersion = 10.0.40219.1
Project("{9A19103F-16F7-4668-BE54-9A1E7A4F7556}") = "Desktop", "Desktop\Desktop.csproj", "{313EF318-0AE9-4E82-9570-3283F682D685}"
EndProject
Global
	GlobalSection(SolutionConfigurationPlatforms) = preSolution
		Debug|Any CPU = Debug|Any CPU
		Release|Any CPU = Release|Any CPU
	EndGlobalSection
	GlobalSection(ProjectConfigurationPlatforms) = postSolution
		{313EF318-0AE9-4E82-9570-3283F682D685}.Debug|Any CPU.ActiveCfg = Debug|Any CPU
		{313EF318-0AE9-4E82-9570-3283F682D685}.Debug|Any CPU.Build.0 = Debug|Any CPU
		{313EF318-0AE9-4E82-9570-3283F682D685}.Release|Any CPU.ActiveCfg = Release|Any CPU
		{313EF318-0AE9-4E82-9570-3283F682D685}.Release|Any CPU.Build.0 = Release|Any CPU
	EndGlobalSection
	GlobalSection(SolutionProperties) = preSolution
		HideSolutionNode = FALSE
	EndGlobalSection
	GlobalSection(ExtensibilityGlobals) = postSolution
		SolutionGuid = {04843C3D-550E-47DF-8B82-BD201C0507A0}
	EndGlobalSection
EndGlobal
